
Microsoft Visual Studio Solution File, Format Version 12.00
# Visual Studio Version 17
VisualStudioVersion = 17.10.34928.147
MinimumVisualStudioVersion = 10.0.40219.1
Project("{9A19103F-16F7-4668-BE54-9A1E7A4F7556}") = "RoboToyApp.nUnitTests", "RoboToyApp.nUnitTests\RoboToyApp.nUnitTests.csproj", "{8674C44A-C49C-4110-A1B2-052C3063C7CE}"
EndProject
Project("{2150E333-8FDC-42A3-9474-1A3956D46DE8}") = "Readme Files", "Readme Files", "{8C552D2D-4A4D-401B-A235-4FF9E8F7BF35}"
	ProjectSection(SolutionItems) = preProject
		ProblemStatement.md = ProblemStatement.md
	EndProjectSection
EndProject
Project("{9A19103F-16F7-4668-BE54-9A1E7A4F7556}") = "RoboToyApp", "RoboToyApp\RoboToyApp.csproj", "{AE1DB016-F7F1-42D6-A43B-1950D816187C}"
EndProject
Global
	GlobalSection(SolutionConfigurationPlatforms) = preSolution
		Debug|Any CPU = Debug|Any CPU
		Release|Any CPU = Release|Any CPU
	EndGlobalSection
	GlobalSection(ProjectConfigurationPlatforms) = postSolution
		{8674C44A-C49C-4110-A1B2-052C3063C7CE}.Debug|Any CPU.ActiveCfg = Debug|Any CPU
		{8674C44A-C49C-4110-A1B2-052C3063C7CE}.Debug|Any CPU.Build.0 = Debug|Any CPU
		{8674C44A-C49C-4110-A1B2-052C3063C7CE}.Release|Any CPU.ActiveCfg = Release|Any CPU
		{8674C44A-C49C-4110-A1B2-052C3063C7CE}.Release|Any CPU.Build.0 = Release|Any CPU
		{AE1DB016-F7F1-42D6-A43B-1950D816187C}.Debug|Any CPU.ActiveCfg = Debug|Any CPU
		{AE1DB016-F7F1-42D6-A43B-1950D816187C}.Debug|Any CPU.Build.0 = Debug|Any CPU
		{AE1DB016-F7F1-42D6-A43B-1950D816187C}.Release|Any CPU.ActiveCfg = Release|Any CPU
		{AE1DB016-F7F1-42D6-A43B-1950D816187C}.Release|Any CPU.Build.0 = Release|Any CPU
	EndGlobalSection
	GlobalSection(SolutionProperties) = preSolution
		HideSolutionNode = FALSE
	EndGlobalSection
	GlobalSection(ExtensibilityGlobals) = postSolution
		SolutionGuid = {81FD2178-E0AA-4D11-9F7E-0908878315C9}
	EndGlobalSection
EndGlobal
